
Microsoft Visual Studio Solution File, Format Version 12.00
# Visual Studio 2013
VisualStudioVersion = 12.0.30324.0
MinimumVisualStudioVersion = 10.0.40219.1
Project("{8BC9CEB8-8B4A-11D0-8D11-00A0C91BC942}") = "PrakVolumeVis", "PrakVolumeVis\PrakVolumeVis.vcxproj", "{06EC96F7-A477-4FE0-B042-5C0550E1B293}"
EndProject
Project("{2150E333-8FDC-42A3-9474-1A3956D46DE8}") = ".nuget", ".nuget", "{0D1DDE68-AF09-4F60-A9B1-67069A571159}"
	ProjectSection(SolutionItems) = preProject
		.nuget\NuGet.Config = .nuget\NuGet.Config
		.nuget\NuGet.exe = .nuget\NuGet.exe
		.nuget\NuGet.targets = .nuget\NuGet.targets
	EndProjectSection
EndProject
Global
	GlobalSection(SolutionConfigurationPlatforms) = preSolution
		Debug|Win32 = Debug|Win32
		Release|Win32 = Release|Win32
	EndGlobalSection
	GlobalSection(ProjectConfigurationPlatforms) = postSolution
		{06EC96F7-A477-4FE0-B042-5C0550E1B293}.Debug|Win32.ActiveCfg = Debug|Win32
		{06EC96F7-A477-4FE0-B042-5C0550E1B293}.Debug|Win32.Build.0 = Debug|Win32
		{06EC96F7-A477-4FE0-B042-5C0550E1B293}.Release|Win32.ActiveCfg = Release|Win32
		{06EC96F7-A477-4FE0-B042-5C0550E1B293}.Release|Win32.Build.0 = Release|Win32
	EndGlobalSection
	GlobalSection(SolutionProperties) = preSolution
		HideSolutionNode = FALSE
	EndGlobalSection
EndGlobal
